// !$*UTF8*$!
{
	archiveVersion = 1;
	classes = {
	};
	objectVersion = 46;
	objects = {

/* Begin PBXBuildFile section */
		69877B351F6E687900F09E2F /* server.cpp in Sources */ = {isa = PBXBuildFile; fileRef = 69877B341F6E687900F09E2F /* server.cpp */; };
		69877B571F6E852500F09E2F /* MWNetworkData.pb.cc in Sources */ = {isa = PBXBuildFile; fileRef = 69877B551F6E852500F09E2F /* MWNetworkData.pb.cc */; };
		69877B591F6E85C900F09E2F /* libprotobuf.a in Frameworks */ = {isa = PBXBuildFile; fileRef = 69877B4D1F6E83C800F09E2F /* libprotobuf.a */; settings = {ATTRIBUTES = (Weak, ); }; };
/* End PBXBuildFile section */

/* Begin PBXCopyFilesBuildPhase section */
		69877B281F6E686C00F09E2F /* CopyFiles */ = {
			isa = PBXCopyFilesBuildPhase;
			buildActionMask = 2147483647;
			dstPath = /usr/share/man/man1/;
			dstSubfolderSpec = 0;
			files = (
			);
			runOnlyForDeploymentPostprocessing = 1;
		};
/* End PBXCopyFilesBuildPhase section */

/* Begin PBXFileReference section */
		69877B2A1F6E686C00F09E2F /* Chatroom_Server */ = {isa = PBXFileReference; explicitFileType = "compiled.mach-o.executable"; includeInIndex = 0; path = Chatroom_Server; sourceTree = BUILT_PRODUCTS_DIR; };
		69877B341F6E687900F09E2F /* server.cpp */ = {isa = PBXFileReference; fileEncoding = 4; lastKnownFileType = sourcecode.cpp.cpp; path = server.cpp; sourceTree = "<group>"; };
		69877B361F6E68BF00F09E2F /* utility.h */ = {isa = PBXFileReference; lastKnownFileType = sourcecode.c.h; name = utility.h; path = ../utility.h; sourceTree = "<group>"; };
		69877B461F6E82C000F09E2F /* libprotobuf-lite.a */ = {isa = PBXFileReference; lastKnownFileType = archive.ar; name = "libprotobuf-lite.a"; path = "../../../../../../../../usr/local/Cellar/protobuf/3.3.0/lib/libprotobuf-lite.a"; sourceTree = "<group>"; };
		69877B471F6E82C000F09E2F /* libprotobuf.a */ = {isa = PBXFileReference; lastKnownFileType = archive.ar; name = libprotobuf.a; path = ../../../../../../../../usr/local/Cellar/protobuf/3.3.0/lib/libprotobuf.a; sourceTree = "<group>"; };
		69877B481F6E82C000F09E2F /* libprotoc.a */ = {isa = PBXFileReference; lastKnownFileType = archive.ar; name = libprotoc.a; path = ../../../../../../../../usr/local/Cellar/protobuf/3.3.0/lib/libprotoc.a; sourceTree = "<group>"; };
		69877B4C1F6E83C800F09E2F /* libprotobuf-lite.a */ = {isa = PBXFileReference; lastKnownFileType = archive.ar; name = "libprotobuf-lite.a"; path = "../../../../../../../../usr/local/Cellar/protobuf/3.4.1/lib/libprotobuf-lite.a"; sourceTree = "<group>"; };
		69877B4D1F6E83C800F09E2F /* libprotobuf.a */ = {isa = PBXFileReference; lastKnownFileType = archive.ar; name = libprotobuf.a; path = ../../../../../../../../usr/local/Cellar/protobuf/3.4.1/lib/libprotobuf.a; sourceTree = "<group>"; };
		69877B4E1F6E83C800F09E2F /* libprotoc.a */ = {isa = PBXFileReference; lastKnownFileType = archive.ar; name = libprotoc.a; path = ../../../../../../../../usr/local/Cellar/protobuf/3.4.1/lib/libprotoc.a; sourceTree = "<group>"; };
		69877B551F6E852500F09E2F /* MWNetworkData.pb.cc */ = {isa = PBXFileReference; fileEncoding = 4; lastKnownFileType = sourcecode.cpp.cpp; name = MWNetworkData.pb.cc; path = ../../MWNetworkData.pb.cc; sourceTree = "<group>"; };
		69877B561F6E852500F09E2F /* MWNetworkData.pb.h */ = {isa = PBXFileReference; fileEncoding = 4; lastKnownFileType = sourcecode.c.h; name = MWNetworkData.pb.h; path = ../../MWNetworkData.pb.h; sourceTree = "<group>"; };
/* End PBXFileReference section */

/* Begin PBXFrameworksBuildPhase section */
		69877B271F6E686C00F09E2F /* Frameworks */ = {
			isa = PBXFrameworksBuildPhase;
			buildActionMask = 2147483647;
			files = (
				69877B591F6E85C900F09E2F /* libprotobuf.a in Frameworks */,
			);
			runOnlyForDeploymentPostprocessing = 0;
		};
/* End PBXFrameworksBuildPhase section */

/* Begin PBXGroup section */
		69877B211F6E686C00F09E2F = {
			isa = PBXGroup;
			children = (
				69877B2C1F6E686C00F09E2F /* Chatroom_Server */,
				69877B2B1F6E686C00F09E2F /* Products */,
				69877B451F6E82BF00F09E2F /* Frameworks */,
			);
			sourceTree = "<group>";
		};
		69877B2B1F6E686C00F09E2F /* Products */ = {
			isa = PBXGroup;
			children = (
				69877B2A1F6E686C00F09E2F /* Chatroom_Server */,
			);
			name = Products;
			sourceTree = "<group>";
		};
		69877B2C1F6E686C00F09E2F /* Chatroom_Server */ = {
			isa = PBXGroup;
			children = (
				69877B361F6E68BF00F09E2F /* utility.h */,
				69877B551F6E852500F09E2F /* MWNetworkData.pb.cc */,
				69877B561F6E852500F09E2F /* MWNetworkData.pb.h */,
				69877B341F6E687900F09E2F /* server.cpp */,
			);
			path = Chatroom_Server;
			sourceTree = "<group>";
		};
		69877B451F6E82BF00F09E2F /* Frameworks */ = {
			isa = PBXGroup;
			children = (
				69877B4C1F6E83C800F09E2F /* libprotobuf-lite.a */,
				69877B4D1F6E83C800F09E2F /* libprotobuf.a */,
				69877B4E1F6E83C800F09E2F /* libprotoc.a */,
				69877B461F6E82C000F09E2F /* libprotobuf-lite.a */,
				69877B471F6E82C000F09E2F /* libprotobuf.a */,
				69877B481F6E82C000F09E2F /* libprotoc.a */,
			);
			name = Frameworks;
			sourceTree = "<group>";
		};
/* End PBXGroup section */

/* Begin PBXNativeTarget section */
		69877B291F6E686C00F09E2F /* Chatroom_Server */ = {
			isa = PBXNativeTarget;
			buildConfigurationList = 69877B311F6E686C00F09E2F /* Build configuration list for PBXNativeTarget "Chatroom_Server" */;
			buildPhases = (
				69877B261F6E686C00F09E2F /* Sources */,
				69877B271F6E686C00F09E2F /* Frameworks */,
				69877B281F6E686C00F09E2F /* CopyFiles */,
			);
			buildRules = (
			);
			dependencies = (
			);
			name = Chatroom_Server;
			productName = Chatroom_Server;
			productReference = 69877B2A1F6E686C00F09E2F /* Chatroom_Server */;
			productType = "com.apple.product-type.tool";
		};
/* End PBXNativeTarget section */

/* Begin PBXProject section */
		69877B221F6E686C00F09E2F /* Project object */ = {
			isa = PBXProject;
			attributes = {
				LastUpgradeCheck = 0830;
				ORGANIZATIONNAME = huangsunyang;
				TargetAttributes = {
					69877B291F6E686C00F09E2F = {
						CreatedOnToolsVersion = 8.3.2;
						ProvisioningStyle = Automatic;
					};
				};
			};
			buildConfigurationList = 69877B251F6E686C00F09E2F /* Build configuration list for PBXProject "Chatroom_Server" */;
			compatibilityVersion = "Xcode 3.2";
			developmentRegion = English;
			hasScannedForEncodings = 0;
			knownRegions = (
				en,
			);
			mainGroup = 69877B211F6E686C00F09E2F;
			productRefGroup = 69877B2B1F6E686C00F09E2F /* Products */;
			projectDirPath = "";
			projectRoot = "";
			targets = (
				69877B291F6E686C00F09E2F /* Chatroom_Server */,
			);
		};
/* End PBXProject section */

/* Begin PBXSourcesBuildPhase section */
		69877B261F6E686C00F09E2F /* Sources */ = {
			isa = PBXSourcesBuildPhase;
			buildActionMask = 2147483647;
			files = (
				69877B351F6E687900F09E2F /* server.cpp in Sources */,
				69877B571F6E852500F09E2F /* MWNetworkData.pb.cc in Sources */,
			);
			runOnlyForDeploymentPostprocessing = 0;
		};
/* End PBXSourcesBuildPhase section */

/* Begin XCBuildConfiguration section */
		69877B2F1F6E686C00F09E2F /* Debug */ = {
			isa = XCBuildConfiguration;
			buildSettings = {
				ALWAYS_SEARCH_USER_PATHS = NO;
				CLANG_ANALYZER_NONNULL = YES;
				CLANG_ANALYZER_NUMBER_OBJECT_CONVERSION = YES_AGGRESSIVE;
				CLANG_CXX_LANGUAGE_STANDARD = "gnu++0x";
				CLANG_CXX_LIBRARY = "libc++";
				CLANG_ENABLE_MODULES = YES;
				CLANG_ENABLE_OBJC_ARC = YES;
				CLANG_WARN_BOOL_CONVERSION = YES;
				CLANG_WARN_CONSTANT_CONVERSION = YES;
				CLANG_WARN_DIRECT_OBJC_ISA_USAGE = YES_ERROR;
				CLANG_WARN_DOCUMENTATION_COMMENTS = YES;
				CLANG_WARN_EMPTY_BODY = YES;
				CLANG_WARN_ENUM_CONVERSION = YES;
				CLANG_WARN_INFINITE_RECURSION = YES;
				CLANG_WARN_INT_CONVERSION = YES;
				CLANG_WARN_OBJC_ROOT_CLASS = YES_ERROR;
				CLANG_WARN_SUSPICIOUS_MOVE = YES;
				CLANG_WARN_UNREACHABLE_CODE = YES;
				CLANG_WARN__DUPLICATE_METHOD_MATCH = YES;
				CODE_SIGN_IDENTITY = "-";
				COPY_PHASE_STRIP = NO;
				DEBUG_INFORMATION_FORMAT = dwarf;
				ENABLE_STRICT_OBJC_MSGSEND = YES;
				ENABLE_TESTABILITY = YES;
				GCC_C_LANGUAGE_STANDARD = gnu99;
				GCC_DYNAMIC_NO_PIC = NO;
				GCC_NO_COMMON_BLOCKS = YES;
				GCC_OPTIMIZATION_LEVEL = 0;
				GCC_PREPROCESSOR_DEFINITIONS = (
					"DEBUG=1",
					"$(inherited)",
				);
				GCC_WARN_64_TO_32_BIT_CONVERSION = YES;
				GCC_WARN_ABOUT_RETURN_TYPE = YES_ERROR;
				GCC_WARN_UNDECLARED_SELECTOR = YES;
				GCC_WARN_UNINITIALIZED_AUTOS = YES_AGGRESSIVE;
				GCC_WARN_UNUSED_FUNCTION = YES;
				GCC_WARN_UNUSED_VARIABLE = YES;
				"HEADER_SEARCH_PATHS[arch=*]" = /usr/local/Cellar/protobuf/3.4.1/include;
				"LIBRARY_SEARCH_PATHS[arch=*]" = /usr/local/Cellar/protobuf/3.3.0/lib;
				MACOSX_DEPLOYMENT_TARGET = 10.12;
				MTL_ENABLE_DEBUG_INFO = YES;
				ONLY_ACTIVE_ARCH = YES;
				SDKROOT = macosx;
			};
			name = Debug;
		};
		69877B301F6E686C00F09E2F /* Release */ = {
			isa = XCBuildConfiguration;
			buildSettings = {
				ALWAYS_SEARCH_USER_PATHS = NO;
				CLANG_ANALYZER_NONNULL = YES;
				CLANG_ANALYZER_NUMBER_OBJECT_CONVERSION = YES_AGGRESSIVE;
				CLANG_CXX_LANGUAGE_STANDARD = "gnu++0x";
				CLANG_CXX_LIBRARY = "libc++";
				CLANG_ENABLE_MODULES = YES;
				CLANG_ENABLE_OBJC_ARC = YES;
				CLANG_WARN_BOOL_CONVERSION = YES;
				CLANG_WARN_CONSTANT_CONVERSION = YES;
				CLANG_WARN_DIRECT_OBJC_ISA_USAGE = YES_ERROR;
				CLANG_WARN_DOCUMENTATION_COMMENTS = YES;
				CLANG_WARN_EMPTY_BODY = YES;
				CLANG_WARN_ENUM_CONVERSION = YES;
				CLANG_WARN_INFINITE_RECURSION = YES;
				CLANG_WARN_INT_CONVERSION = YES;
				CLANG_WARN_OBJC_ROOT_CLASS = YES_ERROR;
				CLANG_WARN_SUSPICIOUS_MOVE = YES;
				CLANG_WARN_UNREACHABLE_CODE = YES;
				CLANG_WARN__DUPLICATE_METHOD_MATCH = YES;
				CODE_SIGN_IDENTITY = "-";
				COPY_PHASE_STRIP = NO;
				DEBUG_INFORMATION_FORMAT = "dwarf-with-dsym";
				ENABLE_NS_ASSERTIONS = NO;
				ENABLE_STRICT_OBJC_MSGSEND = YES;
				GCC_C_LANGUAGE_STANDARD = gnu99;
				GCC_NO_COMMON_BLOCKS = YES;
				GCC_WARN_64_TO_32_BIT_CONVERSION = YES;
				GCC_WARN_ABOUT_RETURN_TYPE = YES_ERROR;
				GCC_WARN_UNDECLARED_SELECTOR = YES;
				GCC_WARN_UNINITIALIZED_AUTOS = YES_AGGRESSIVE;
				GCC_WARN_UNUSED_FUNCTION = YES;
				GCC_WARN_UNUSED_VARIABLE = YES;
				MACOSX_DEPLOYMENT_TARGET = 10.12;
				MTL_ENABLE_DEBUG_INFO = NO;
				SDKROOT = macosx;
			};
			name = Release;
		};
		69877B321F6E686C00F09E2F /* Debug */ = {
			isa = XCBuildConfiguration;
			buildSettings = {
				LIBRARY_SEARCH_PATHS = (
					"$(inherited)",
					/usr/local/Cellar/protobuf/3.3.0/lib,
					/usr/local/Cellar/protobuf/3.4.1/lib,
				);
				PRODUCT_NAME = "$(TARGET_NAME)";
			};
			name = Debug;
		};
		69877B331F6E686C00F09E2F /* Release */ = {
			isa = XCBuildConfiguration;
			buildSettings = {
				LIBRARY_SEARCH_PATHS = (
					"$(inherited)",
					/usr/local/Cellar/protobuf/3.3.0/lib,
					/usr/local/Cellar/protobuf/3.4.1/lib,
				);
				PRODUCT_NAME = "$(TARGET_NAME)";
			};
			name = Release;
		};
/* End XCBuildConfiguration section */

/* Begin XCConfigurationList section */
		69877B251F6E686C00F09E2F /* Build configuration list for PBXProject "Chatroom_Server" */ = {
			isa = XCConfigurationList;
			buildConfigurations = (
				69877B2F1F6E686C00F09E2F /* Debug */,
				69877B301F6E686C00F09E2F /* Release */,
			);
			defaultConfigurationIsVisible = 0;
			defaultConfigurationName = Release;
		};
		69877B311F6E686C00F09E2F /* Build configuration list for PBXNativeTarget "Chatroom_Server" */ = {
			isa = XCConfigurationList;
			buildConfigurations = (
				69877B321F6E686C00F09E2F /* Debug */,
				69877B331F6E686C00F09E2F /* Release */,
			);
			defaultConfigurationIsVisible = 0;
		};
/* End XCConfigurationList section */
	};
	rootObject = 69877B221F6E686C00F09E2F /* Project object */;
}
